
Microsoft Visual Studio Solution File, Format Version 12.00
# Visual Studio Version 17
VisualStudioVersion = 17.3.32929.385
MinimumVisualStudioVersion = 10.0.40219.1
Project("{FAE04EC0-301F-11D3-BF4B-00C04F79EFBC}") = "DemoPDF", "DemoPDF\DemoPDF.csproj", "{6123A4D7-A6D0-486A-8BB8-DD13BB9409F9}"
EndProject
Global
	GlobalSection(SolutionConfigurationPlatforms) = preSolution
		Debug|Any CPU = Debug|Any CPU
		Release|Any CPU = Release|Any CPU
	EndGlobalSection
	GlobalSection(ProjectConfigurationPlatforms) = postSolution
		{6123A4D7-A6D0-486A-8BB8-DD13BB9409F9}.Debug|Any CPU.ActiveCfg = Debug|Any CPU
		{6123A4D7-A6D0-486A-8BB8-DD13BB9409F9}.Debug|Any CPU.Build.0 = Debug|Any CPU
		{6123A4D7-A6D0-486A-8BB8-DD13BB9409F9}.Release|Any CPU.ActiveCfg = Release|Any CPU
		{6123A4D7-A6D0-486A-8BB8-DD13BB9409F9}.Release|Any CPU.Build.0 = Release|Any CPU
	EndGlobalSection
	GlobalSection(SolutionProperties) = preSolution
		HideSolutionNode = FALSE
	EndGlobalSection
	GlobalSection(ExtensibilityGlobals) = postSolution
		SolutionGuid = {F3C202C0-9877-4F3F-B98C-4466803FA404}
	EndGlobalSection
EndGlobal
